Microsoft Visual Studio Solution File, Format Version 11.00
# Visual Studio 2008

Project("{337A2C9B-E409-341D-351C-2ACDE5A89E0A}") = "SampleProject2", "Assembly-CSharp.csproj", "{4E066925-17C3-85F7-F563-5D80C13FE739}"
EndProject
Global
	GlobalSection(SolutionConfigurationPlatforms) = preSolution
		Debug|Any CPU = Debug|Any CPU
		Release|Any CPU = Release|Any CPU
	EndGlobalSection
	GlobalSection(ProjectConfigurationPlatforms) = postSolution
		{4E066925-17C3-85F7-F563-5D80C13FE739}.Debug|Any CPU.ActiveCfg = Debug|Any CPU
		{4E066925-17C3-85F7-F563-5D80C13FE739}.Debug|Any CPU.Build.0 = Debug|Any CPU
		{4E066925-17C3-85F7-F563-5D80C13FE739}.Release|Any CPU.ActiveCfg = Release|Any CPU
		{4E066925-17C3-85F7-F563-5D80C13FE739}.Release|Any CPU.Build.0 = Release|Any CPU
	EndGlobalSection
	GlobalSection(SolutionProperties) = preSolution
		HideSolutionNode = FALSE
	EndGlobalSection
	GlobalSection(MonoDevelopProperties) = preSolution
		StartupItem = Assembly-CSharp.csproj
	EndGlobalSection
EndGlobal
